Microsoft Visual Studio Solution File, Format Version 12.00
# Visual Studio 15
VisualStudioVersion = 15.0.25807.0
MinimumVisualStudioVersion = 10.0.40219.1
Project("{2150E333-8FDC-42A3-9474-1A3956D46DE8}") = "Engine", "Engine", "{D0AC0AAE-1F84-48ED-B6E1-F8A0B19E4D0B}"
EndProject
Project("{2150E333-8FDC-42A3-9474-1A3956D46DE8}") = "Games", "Games", "{BA7D3C68-2429-4ABF-B2C1-6DDD9B3BF260}"
EndProject
Project("{8BC9CEB8-8B4A-11D0-8D11-00A0C91BC942}") = "UE4", "Intermediate\ProjectFiles\UE4.vcxproj", "{CE354167-9EA2-4B13-96F0-4222DED54BC8}"
EndProject
Project("{8BC9CEB8-8B4A-11D0-8D11-00A0C91BC942}") = "crossyroadsF", "Intermediate\ProjectFiles\crossyroadsF.vcxproj", "{45C6D86D-50E4-4C72-B179-F905CA460A4F}"
EndProject
Project("{2150E333-8FDC-42A3-9474-1A3956D46DE8}") = "Visualizers", "Visualizers", "{86DCDABF-03BB-44DB-9FB0-D262D2533F0E}"
	ProjectSection(SolutionItems) = preProject
		..\..\..\..\..\Program Files\Epic Games\UE_4.21\Engine\Extras\VisualStudioDebugging\UE4.natvis = ..\..\..\..\..\Program Files\Epic Games\UE_4.21\Engine\Extras\VisualStudioDebugging\UE4.natvis
	EndProjectSection
EndProject
Global
	GlobalSection(SolutionConfigurationPlatforms) = preSolution
		DebugGame Editor|HTML5 = DebugGame Editor|HTML5
		DebugGame Editor|IOS = DebugGame Editor|IOS
		DebugGame Editor|Win32 = DebugGame Editor|Win32
		DebugGame Editor|Win64 = DebugGame Editor|Win64
		DebugGame|HTML5 = DebugGame|HTML5
		DebugGame|IOS = DebugGame|IOS
		DebugGame|Win32 = DebugGame|Win32
		DebugGame|Win64 = DebugGame|Win64
		Development Editor|HTML5 = Development Editor|HTML5
		Development Editor|IOS = Development Editor|IOS
		Development Editor|Win32 = Development Editor|Win32
		Development Editor|Win64 = Development Editor|Win64
		Development|HTML5 = Development|HTML5
		Development|IOS = Development|IOS
		Development|Win32 = Development|Win32
		Development|Win64 = Development|Win64
		Shipping|HTML5 = Shipping|HTML5
		Shipping|IOS = Shipping|IOS
		Shipping|Win32 = Shipping|Win32
		Shipping|Win64 = Shipping|Win64
	EndGlobalSection
	GlobalSection(ProjectConfigurationPlatforms) = postSolution
		{CE354167-9EA2-4B13-96F0-4222DED54BC8}.DebugGame Editor|HTML5.ActiveCfg = BuiltWithUnrealBuildTool|Win32
		{CE354167-9EA2-4B13-96F0-4222DED54BC8}.DebugGame Editor|IOS.ActiveCfg = BuiltWithUnrealBuildTool|Win32
		{CE354167-9EA2-4B13-96F0-4222DED54BC8}.DebugGame Editor|Win32.ActiveCfg = BuiltWithUnrealBuildTool|Win32
		{CE354167-9EA2-4B13-96F0-4222DED54BC8}.DebugGame Editor|Win64.ActiveCfg = BuiltWithUnrealBuildTool|Win32
		{CE354167-9EA2-4B13-96F0-4222DED54BC8}.DebugGame|HTML5.ActiveCfg = BuiltWithUnrealBuildTool|Win32
		{CE354167-9EA2-4B13-96F0-4222DED54BC8}.DebugGame|IOS.ActiveCfg = BuiltWithUnrealBuildTool|Win32
		{CE354167-9EA2-4B13-96F0-4222DED54BC8}.DebugGame|Win32.ActiveCfg = BuiltWithUnrealBuildTool|Win32
		{CE354167-9EA2-4B13-96F0-4222DED54BC8}.DebugGame|Win64.ActiveCfg = BuiltWithUnrealBuildTool|Win32
		{CE354167-9EA2-4B13-96F0-4222DED54BC8}.Development Editor|HTML5.ActiveCfg = BuiltWithUnrealBuildTool|Win32
		{CE354167-9EA2-4B13-96F0-4222DED54BC8}.Development Editor|IOS.ActiveCfg = BuiltWithUnrealBuildTool|Win32
		{CE354167-9EA2-4B13-96F0-4222DED54BC8}.Development Editor|Win32.ActiveCfg = BuiltWithUnrealBuildTool|Win32
		{CE354167-9EA2-4B13-96F0-4222DED54BC8}.Development Editor|Win64.ActiveCfg = BuiltWithUnrealBuildTool|Win32
		{CE354167-9EA2-4B13-96F0-4222DED54BC8}.Development|HTML5.ActiveCfg = BuiltWithUnrealBuildTool|Win32
		{CE354167-9EA2-4B13-96F0-4222DED54BC8}.Development|IOS.ActiveCfg = BuiltWithUnrealBuildTool|Win32
		{CE354167-9EA2-4B13-96F0-4222DED54BC8}.Development|Win32.ActiveCfg = BuiltWithUnrealBuildTool|Win32
		{CE354167-9EA2-4B13-96F0-4222DED54BC8}.Development|Win64.ActiveCfg = BuiltWithUnrealBuildTool|Win32
		{CE354167-9EA2-4B13-96F0-4222DED54BC8}.Shipping|HTML5.ActiveCfg = BuiltWithUnrealBuildTool|Win32
		{CE354167-9EA2-4B13-96F0-4222DED54BC8}.Shipping|IOS.ActiveCfg = BuiltWithUnrealBuildTool|Win32
		{CE354167-9EA2-4B13-96F0-4222DED54BC8}.Shipping|Win32.ActiveCfg = BuiltWithUnrealBuildTool|Win32
		{CE354167-9EA2-4B13-96F0-4222DED54BC8}.Shipping|Win64.ActiveCfg = BuiltWithUnrealBuildTool|Win32
		{45C6D86D-50E4-4C72-B179-F905CA460A4F}.DebugGame Editor|HTML5.ActiveCfg = Invalid|Win32
		{45C6D86D-50E4-4C72-B179-F905CA460A4F}.DebugGame Editor|IOS.ActiveCfg = Invalid|Win32
		{45C6D86D-50E4-4C72-B179-F905CA460A4F}.DebugGame Editor|Win32.ActiveCfg = Invalid|Win32
		{45C6D86D-50E4-4C72-B179-F905CA460A4F}.DebugGame Editor|Win64.ActiveCfg = DebugGame_Editor|x64
		{45C6D86D-50E4-4C72-B179-F905CA460A4F}.DebugGame Editor|Win64.Build.0 = DebugGame_Editor|x64
		{45C6D86D-50E4-4C72-B179-F905CA460A4F}.DebugGame|HTML5.ActiveCfg = HTML5_DebugGame|Win32
		{45C6D86D-50E4-4C72-B179-F905CA460A4F}.DebugGame|HTML5.Build.0 = HTML5_DebugGame|Win32
		{45C6D86D-50E4-4C72-B179-F905CA460A4F}.DebugGame|IOS.ActiveCfg = IOS_DebugGame|Win32
		{45C6D86D-50E4-4C72-B179-F905CA460A4F}.DebugGame|IOS.Build.0 = IOS_DebugGame|Win32
		{45C6D86D-50E4-4C72-B179-F905CA460A4F}.DebugGame|Win32.ActiveCfg = DebugGame|Win32
		{45C6D86D-50E4-4C72-B179-F905CA460A4F}.DebugGame|Win32.Build.0 = DebugGame|Win32
		{45C6D86D-50E4-4C72-B179-F905CA460A4F}.DebugGame|Win64.ActiveCfg = DebugGame|x64
		{45C6D86D-50E4-4C72-B179-F905CA460A4F}.DebugGame|Win64.Build.0 = DebugGame|x64
		{45C6D86D-50E4-4C72-B179-F905CA460A4F}.Development Editor|HTML5.ActiveCfg = Invalid|Win32
		{45C6D86D-50E4-4C72-B179-F905CA460A4F}.Development Editor|IOS.ActiveCfg = Invalid|Win32
		{45C6D86D-50E4-4C72-B179-F905CA460A4F}.Development Editor|Win32.ActiveCfg = Invalid|Win32
		{45C6D86D-50E4-4C72-B179-F905CA460A4F}.Development Editor|Win64.ActiveCfg = Development_Editor|x64
		{45C6D86D-50E4-4C72-B179-F905CA460A4F}.Development Editor|Win64.Build.0 = Development_Editor|x64
		{45C6D86D-50E4-4C72-B179-F905CA460A4F}.Development|HTML5.ActiveCfg = HTML5_Development|Win32
		{45C6D86D-50E4-4C72-B179-F905CA460A4F}.Development|HTML5.Build.0 = HTML5_Development|Win32
		{45C6D86D-50E4-4C72-B179-F905CA460A4F}.Development|IOS.ActiveCfg = IOS_Development|Win32
		{45C6D86D-50E4-4C72-B179-F905CA460A4F}.Development|IOS.Build.0 = IOS_Development|Win32
		{45C6D86D-50E4-4C72-B179-F905CA460A4F}.Development|Win32.ActiveCfg = Development|Win32
		{45C6D86D-50E4-4C72-B179-F905CA460A4F}.Development|Win32.Build.0 = Development|Win32
		{45C6D86D-50E4-4C72-B179-F905CA460A4F}.Development|Win64.ActiveCfg = Development|x64
		{45C6D86D-50E4-4C72-B179-F905CA460A4F}.Development|Win64.Build.0 = Development|x64
		{45C6D86D-50E4-4C72-B179-F905CA460A4F}.Shipping|HTML5.ActiveCfg = HTML5_Shipping|Win32
		{45C6D86D-50E4-4C72-B179-F905CA460A4F}.Shipping|HTML5.Build.0 = HTML5_Shipping|Win32
		{45C6D86D-50E4-4C72-B179-F905CA460A4F}.Shipping|IOS.ActiveCfg = IOS_Shipping|Win32
		{45C6D86D-50E4-4C72-B179-F905CA460A4F}.Shipping|IOS.Build.0 = IOS_Shipping|Win32
		{45C6D86D-50E4-4C72-B179-F905CA460A4F}.Shipping|Win32.ActiveCfg = Shipping|Win32
		{45C6D86D-50E4-4C72-B179-F905CA460A4F}.Shipping|Win32.Build.0 = Shipping|Win32
		{45C6D86D-50E4-4C72-B179-F905CA460A4F}.Shipping|Win64.ActiveCfg = Shipping|x64
		{45C6D86D-50E4-4C72-B179-F905CA460A4F}.Shipping|Win64.Build.0 = Shipping|x64
	EndGlobalSection
	GlobalSection(SolutionProperties) = preSolution
		HideSolutionNode = FALSE
	EndGlobalSection
	GlobalSection(NestedProjects) = preSolution
		{CE354167-9EA2-4B13-96F0-4222DED54BC8} = {D0AC0AAE-1F84-48ED-B6E1-F8A0B19E4D0B}
		{45C6D86D-50E4-4C72-B179-F905CA460A4F} = {BA7D3C68-2429-4ABF-B2C1-6DDD9B3BF260}
		{45C6D86D-50E4-4C72-B179-F905CA460A4F} = {BA7D3C68-2429-4ABF-B2C1-6DDD9B3BF260}
	EndGlobalSection
EndGlobal
